
Microsoft Visual Studio Solution File, Format Version 12.00
# Visual Studio Version 16
VisualStudioVersion = 16.0.30804.86
MinimumVisualStudioVersion = 10.0.40219.1
Project("{FAE04EC0-301F-11D3-BF4B-00C04F79EFBC}") = "Assignment4", "Assignment4\Assignment4.csproj", "{9A0DF4A0-ACF7-46D7-843D-E5061CDC5AFE}"
EndProject
Global
	GlobalSection(SolutionConfigurationPlatforms) = preSolution
		Debug|Any CPU = Debug|Any CPU
		Release|Any CPU = Release|Any CPU
	EndGlobalSection
	GlobalSection(ProjectConfigurationPlatforms) = postSolution
		{9A0DF4A0-ACF7-46D7-843D-E5061CDC5AFE}.Debug|Any CPU.ActiveCfg = Debug|Any CPU
		{9A0DF4A0-ACF7-46D7-843D-E5061CDC5AFE}.Debug|Any CPU.Build.0 = Debug|Any CPU
		{9A0DF4A0-ACF7-46D7-843D-E5061CDC5AFE}.Release|Any CPU.ActiveCfg = Release|Any CPU
		{9A0DF4A0-ACF7-46D7-843D-E5061CDC5AFE}.Release|Any CPU.Build.0 = Release|Any CPU
	EndGlobalSection
	GlobalSection(SolutionProperties) = preSolution
		HideSolutionNode = FALSE
	EndGlobalSection
	GlobalSection(ExtensibilityGlobals) = postSolution
		SolutionGuid = {33905D7C-9028-4248-A0CC-C51CE7820B7E}
	EndGlobalSection
EndGlobal
